
Microsoft Visual Studio Solution File, Format Version 12.00
# Visual Studio Version 17
VisualStudioVersion = 17.9.34728.123
MinimumVisualStudioVersion = 10.0.40219.1
Project("{FAE04EC0-301F-11D3-BF4B-00C04F79EFBC}") = "FlightManager.Api", "FlightManager\FlightManager.Api.csproj", "{0F9653E8-4426-4930-8A2D-A5BA30A90CAF}"
EndProject
Project("{FAE04EC0-301F-11D3-BF4B-00C04F79EFBC}") = "FlightManager.Domain", "FlightManager.Domain\FlightManager.Domain.csproj", "{157D4746-2EC1-4BE6-A4AC-02AF38203175}"
EndProject
Project("{FAE04EC0-301F-11D3-BF4B-00C04F79EFBC}") = "FlightManager.DataAccess", "FlightManager.DataAccess\FlightManager.DataAccess.csproj", "{6A05B4B9-6BB7-4147-BBC9-CFAA58A8D94C}"
EndProject
Global
	GlobalSection(SolutionConfigurationPlatforms) = preSolution
		Debug|Any CPU = Debug|Any CPU
		Release|Any CPU = Release|Any CPU
	EndGlobalSection
	GlobalSection(ProjectConfigurationPlatforms) = postSolution
		{0F9653E8-4426-4930-8A2D-A5BA30A90CAF}.Debug|Any CPU.ActiveCfg = Debug|Any CPU
		{0F9653E8-4426-4930-8A2D-A5BA30A90CAF}.Debug|Any CPU.Build.0 = Debug|Any CPU
		{0F9653E8-4426-4930-8A2D-A5BA30A90CAF}.Release|Any CPU.ActiveCfg = Release|Any CPU
		{0F9653E8-4426-4930-8A2D-A5BA30A90CAF}.Release|Any CPU.Build.0 = Release|Any CPU
		{157D4746-2EC1-4BE6-A4AC-02AF38203175}.Debug|Any CPU.ActiveCfg = Debug|Any CPU
		{157D4746-2EC1-4BE6-A4AC-02AF38203175}.Debug|Any CPU.Build.0 = Debug|Any CPU
		{157D4746-2EC1-4BE6-A4AC-02AF38203175}.Release|Any CPU.ActiveCfg = Release|Any CPU
		{157D4746-2EC1-4BE6-A4AC-02AF38203175}.Release|Any CPU.Build.0 = Release|Any CPU
		{6A05B4B9-6BB7-4147-BBC9-CFAA58A8D94C}.Debug|Any CPU.ActiveCfg = Debug|Any CPU
		{6A05B4B9-6BB7-4147-BBC9-CFAA58A8D94C}.Debug|Any CPU.Build.0 = Debug|Any CPU
		{6A05B4B9-6BB7-4147-BBC9-CFAA58A8D94C}.Release|Any CPU.ActiveCfg = Release|Any CPU
		{6A05B4B9-6BB7-4147-BBC9-CFAA58A8D94C}.Release|Any CPU.Build.0 = Release|Any CPU
	EndGlobalSection
	GlobalSection(SolutionProperties) = preSolution
		HideSolutionNode = FALSE
	EndGlobalSection
	GlobalSection(ExtensibilityGlobals) = postSolution
		SolutionGuid = {83957406-4581-4065-BD32-B0F843B4B4CC}
	EndGlobalSection
EndGlobal
